
Microsoft Visual Studio Solution File, Format Version 12.00
# Visual Studio 15
VisualStudioVersion = 15.0.28307.106
MinimumVisualStudioVersion = 10.0.40219.1
Project("{888888A0-9F3D-457C-B088-3A5042F75D52}") = "EIJ", "EIJ.pyproj", "{48E79467-EE03-4014-A15E-8A466FD5A958}"
EndProject
Global
	GlobalSection(SolutionConfigurationPlatforms) = preSolution
		Debug|Any CPU = Debug|Any CPU
		Release|Any CPU = Release|Any CPU
	EndGlobalSection
	GlobalSection(ProjectConfigurationPlatforms) = postSolution
		{48E79467-EE03-4014-A15E-8A466FD5A958}.Debug|Any CPU.ActiveCfg = Debug|Any CPU
		{48E79467-EE03-4014-A15E-8A466FD5A958}.Release|Any CPU.ActiveCfg = Release|Any CPU
	EndGlobalSection
	GlobalSection(SolutionProperties) = preSolution
		HideSolutionNode = FALSE
	EndGlobalSection
	GlobalSection(ExtensibilityGlobals) = postSolution
		SolutionGuid = {4DFF8E23-41E5-4812-B0AA-B7E34C04891C}
	EndGlobalSection
EndGlobal
